
Microsoft Visual Studio Solution File, Format Version 12.00
# Visual Studio Version 17
VisualStudioVersion = 17.7.34202.233
MinimumVisualStudioVersion = 10.0.40219.1
Project("{FAE04EC0-301F-11D3-BF4B-00C04F79EFBC}") = "BuscadorPorcentagemNotaUna", "BuscadorPorcentagemNotaUna.csproj", "{15019F40-C464-4CCC-BF32-E59D0A151E8C}"
EndProject
Global
	GlobalSection(SolutionConfigurationPlatforms) = preSolution
		Debug|Any CPU = Debug|Any CPU
		Release|Any CPU = Release|Any CPU
	EndGlobalSection
	GlobalSection(ProjectConfigurationPlatforms) = postSolution
		{15019F40-C464-4CCC-BF32-E59D0A151E8C}.Debug|Any CPU.ActiveCfg = Debug|Any CPU
		{15019F40-C464-4CCC-BF32-E59D0A151E8C}.Debug|Any CPU.Build.0 = Debug|Any CPU
		{15019F40-C464-4CCC-BF32-E59D0A151E8C}.Release|Any CPU.ActiveCfg = Release|Any CPU
		{15019F40-C464-4CCC-BF32-E59D0A151E8C}.Release|Any CPU.Build.0 = Release|Any CPU
	EndGlobalSection
	GlobalSection(SolutionProperties) = preSolution
		HideSolutionNode = FALSE
	EndGlobalSection
	GlobalSection(ExtensibilityGlobals) = postSolution
		SolutionGuid = {C8CCD197-82ED-47EC-ADF5-2CA92521B672}
	EndGlobalSection
EndGlobal
